
Microsoft Visual Studio Solution File, Format Version 12.00
# Visual Studio Version 17
VisualStudioVersion = 17.9.34728.123
MinimumVisualStudioVersion = 10.0.40219.1
Project("{9A19103F-16F7-4668-BE54-9A1E7A4F7556}") = "AwardWeb", "AwardWeb\AwardWeb.csproj", "{3CDD34B3-B7DC-4A66-8057-50A4A7C884C7}"
EndProject
Project("{9A19103F-16F7-4668-BE54-9A1E7A4F7556}") = "AwardApi", "AwardApi\AwardApi.csproj", "{8EE3E387-B12A-46D6-9F82-A9548F4AA0FE}"
EndProject
Project("{2150E333-8FDC-42A3-9474-1A3956D46DE8}") = "PresentationLayer", "PresentationLayer", "{00EBD193-A4C2-493B-86D0-2FBF60BD3C5F}"
EndProject
Project("{2150E333-8FDC-42A3-9474-1A3956D46DE8}") = "EntityLayer", "EntityLayer", "{A00D8809-2574-451E-A084-E6461A94F545}"
EndProject
Project("{9A19103F-16F7-4668-BE54-9A1E7A4F7556}") = "AwardEntity", "AwardEntity\AwardEntity.csproj", "{60580E6F-3B0B-4A1A-A09C-1B62FC713292}"
EndProject
Project("{2150E333-8FDC-42A3-9474-1A3956D46DE8}") = "CrossCutting", "CrossCutting", "{5C3FC61F-099B-4D04-83CF-0E20199C0BEF}"
EndProject
Project("{9A19103F-16F7-4668-BE54-9A1E7A4F7556}") = "Utility", "Utility\Utility.csproj", "{5D05FA48-1348-4369-9A70-4728A7B45B05}"
EndProject
Project("{2150E333-8FDC-42A3-9474-1A3956D46DE8}") = "DataAccessLayer", "DataAccessLayer", "{C8E8A663-F8EA-4795-B383-07C7A3DD6806}"
EndProject
Project("{9A19103F-16F7-4668-BE54-9A1E7A4F7556}") = "Dal", "AwardDal\Dal.csproj", "{84E28ECE-8981-4066-A782-FA1D7D2B0115}"
EndProject
Project("{2150E333-8FDC-42A3-9474-1A3956D46DE8}") = "ServiceLayer", "ServiceLayer", "{9F71FC53-2E31-42EF-939A-418AB889A84D}"
EndProject
Project("{9A19103F-16F7-4668-BE54-9A1E7A4F7556}") = "AwardService", "AwardService\AwardService.csproj", "{43EDA358-3361-401F-9B20-C736E0361C6C}"
EndProject
Global
	GlobalSection(SolutionConfigurationPlatforms) = preSolution
		Debug|Any CPU = Debug|Any CPU
		Release|Any CPU = Release|Any CPU
	EndGlobalSection
	GlobalSection(ProjectConfigurationPlatforms) = postSolution
		{3CDD34B3-B7DC-4A66-8057-50A4A7C884C7}.Debug|Any CPU.ActiveCfg = Debug|Any CPU
		{3CDD34B3-B7DC-4A66-8057-50A4A7C884C7}.Debug|Any CPU.Build.0 = Debug|Any CPU
		{3CDD34B3-B7DC-4A66-8057-50A4A7C884C7}.Release|Any CPU.ActiveCfg = Release|Any CPU
		{3CDD34B3-B7DC-4A66-8057-50A4A7C884C7}.Release|Any CPU.Build.0 = Release|Any CPU
		{8EE3E387-B12A-46D6-9F82-A9548F4AA0FE}.Debug|Any CPU.ActiveCfg = Debug|Any CPU
		{8EE3E387-B12A-46D6-9F82-A9548F4AA0FE}.Debug|Any CPU.Build.0 = Debug|Any CPU
		{8EE3E387-B12A-46D6-9F82-A9548F4AA0FE}.Release|Any CPU.ActiveCfg = Release|Any CPU
		{8EE3E387-B12A-46D6-9F82-A9548F4AA0FE}.Release|Any CPU.Build.0 = Release|Any CPU
		{60580E6F-3B0B-4A1A-A09C-1B62FC713292}.Debug|Any CPU.ActiveCfg = Debug|Any CPU
		{60580E6F-3B0B-4A1A-A09C-1B62FC713292}.Debug|Any CPU.Build.0 = Debug|Any CPU
		{60580E6F-3B0B-4A1A-A09C-1B62FC713292}.Release|Any CPU.ActiveCfg = Release|Any CPU
		{60580E6F-3B0B-4A1A-A09C-1B62FC713292}.Release|Any CPU.Build.0 = Release|Any CPU
		{5D05FA48-1348-4369-9A70-4728A7B45B05}.Debug|Any CPU.ActiveCfg = Debug|Any CPU
		{5D05FA48-1348-4369-9A70-4728A7B45B05}.Debug|Any CPU.Build.0 = Debug|Any CPU
		{5D05FA48-1348-4369-9A70-4728A7B45B05}.Release|Any CPU.ActiveCfg = Release|Any CPU
		{5D05FA48-1348-4369-9A70-4728A7B45B05}.Release|Any CPU.Build.0 = Release|Any CPU
		{84E28ECE-8981-4066-A782-FA1D7D2B0115}.Debug|Any CPU.ActiveCfg = Debug|Any CPU
		{84E28ECE-8981-4066-A782-FA1D7D2B0115}.Debug|Any CPU.Build.0 = Debug|Any CPU
		{84E28ECE-8981-4066-A782-FA1D7D2B0115}.Release|Any CPU.ActiveCfg = Release|Any CPU
		{84E28ECE-8981-4066-A782-FA1D7D2B0115}.Release|Any CPU.Build.0 = Release|Any CPU
		{43EDA358-3361-401F-9B20-C736E0361C6C}.Debug|Any CPU.ActiveCfg = Debug|Any CPU
		{43EDA358-3361-401F-9B20-C736E0361C6C}.Debug|Any CPU.Build.0 = Debug|Any CPU
		{43EDA358-3361-401F-9B20-C736E0361C6C}.Release|Any CPU.ActiveCfg = Release|Any CPU
		{43EDA358-3361-401F-9B20-C736E0361C6C}.Release|Any CPU.Build.0 = Release|Any CPU
	EndGlobalSection
	GlobalSection(SolutionProperties) = preSolution
		HideSolutionNode = FALSE
	EndGlobalSection
	GlobalSection(NestedProjects) = preSolution
		{3CDD34B3-B7DC-4A66-8057-50A4A7C884C7} = {00EBD193-A4C2-493B-86D0-2FBF60BD3C5F}
		{8EE3E387-B12A-46D6-9F82-A9548F4AA0FE} = {00EBD193-A4C2-493B-86D0-2FBF60BD3C5F}
		{60580E6F-3B0B-4A1A-A09C-1B62FC713292} = {A00D8809-2574-451E-A084-E6461A94F545}
		{5D05FA48-1348-4369-9A70-4728A7B45B05} = {5C3FC61F-099B-4D04-83CF-0E20199C0BEF}
		{84E28ECE-8981-4066-A782-FA1D7D2B0115} = {C8E8A663-F8EA-4795-B383-07C7A3DD6806}
		{43EDA358-3361-401F-9B20-C736E0361C6C} = {9F71FC53-2E31-42EF-939A-418AB889A84D}
	EndGlobalSection
	GlobalSection(ExtensibilityGlobals) = postSolution
		SolutionGuid = {5C2DC0A0-455C-450A-AC18-2712B53019F8}
	EndGlobalSection
EndGlobal
